
Microsoft Visual Studio Solution File, Format Version 11.00
# Visual Studio 2010
Project("{8BC9CEB8-8B4A-11D0-8D11-00A0C91BC942}") = "k-means", "k-means\k-means.vcxproj", "{190D4469-829D-4AE0-9502-A6BF1FE0C8BF}"
EndProject
Global
	GlobalSection(SolutionConfigurationPlatforms) = preSolution
		Debug|Win32 = Debug|Win32
		Release|Win32 = Release|Win32
	EndGlobalSection
	GlobalSection(ProjectConfigurationPlatforms) = postSolution
		{190D4469-829D-4AE0-9502-A6BF1FE0C8BF}.Debug|Win32.ActiveCfg = Debug|Win32
		{190D4469-829D-4AE0-9502-A6BF1FE0C8BF}.Debug|Win32.Build.0 = Debug|Win32
		{190D4469-829D-4AE0-9502-A6BF1FE0C8BF}.Release|Win32.ActiveCfg = Release|Win32
		{190D4469-829D-4AE0-9502-A6BF1FE0C8BF}.Release|Win32.Build.0 = Release|Win32
	EndGlobalSection
	GlobalSection(SolutionProperties) = preSolution
		HideSolutionNode = FALSE
	EndGlobalSection
EndGlobal
